
Microsoft Visual Studio Solution File, Format Version 12.00
# Visual Studio Version 17
VisualStudioVersion = 17.5.002.0
MinimumVisualStudioVersion = 10.0.40219.1
Project("{9A19103F-16F7-4668-BE54-9A1E7A4F7556}") = "jschema-addl-props", "jschema-addl-props.csproj", "{8705C81C-CFCF-4BCB-B2A9-B67A95509AD7}"
EndProject
Global
	GlobalSection(SolutionConfigurationPlatforms) = preSolution
		Debug|Any CPU = Debug|Any CPU
		Release|Any CPU = Release|Any CPU
	EndGlobalSection
	GlobalSection(ProjectConfigurationPlatforms) = postSolution
		{8705C81C-CFCF-4BCB-B2A9-B67A95509AD7}.Debug|Any CPU.ActiveCfg = Debug|Any CPU
		{8705C81C-CFCF-4BCB-B2A9-B67A95509AD7}.Debug|Any CPU.Build.0 = Debug|Any CPU
		{8705C81C-CFCF-4BCB-B2A9-B67A95509AD7}.Release|Any CPU.ActiveCfg = Release|Any CPU
		{8705C81C-CFCF-4BCB-B2A9-B67A95509AD7}.Release|Any CPU.Build.0 = Release|Any CPU
	EndGlobalSection
	GlobalSection(SolutionProperties) = preSolution
		HideSolutionNode = FALSE
	EndGlobalSection
	GlobalSection(ExtensibilityGlobals) = postSolution
		SolutionGuid = {5A4A90E4-C49F-4DEA-AE75-E9FC446A4E82}
	EndGlobalSection
EndGlobal
